// !$*UTF8*$!
{
	archiveVersion = 1;
	classes = {
	};
	objectVersion = 50;
	objects = {

/* Begin PBXBuildFile section */
		19BDC6E4251BDF4700BC1258 /* AppDelegate.swift in Sources */ = {isa = PBXBuildFile; fileRef = 19BDC6E3251BDF4700BC1258 /* AppDelegate.swift */; };
		19BDC6E6251BDF4700BC1258 /* SceneDelegate.swift in Sources */ = {isa = PBXBuildFile; fileRef = 19BDC6E5251BDF4700BC1258 /* SceneDelegate.swift */; };
		19BDC6E8251BDF4700BC1258 /* ViewController.swift in Sources */ = {isa = PBXBuildFile; fileRef = 19BDC6E7251BDF4700BC1258 /* ViewController.swift */; };
		19BDC6EB251BDF4700BC1258 /* Main.storyboard in Resources */ = {isa = PBXBuildFile; fileRef = 19BDC6E9251BDF4700BC1258 /* Main.storyboard */; };
		19BDC6ED251BDF4800BC1258 /* Assets.xcassets in Resources */ = {isa = PBXBuildFile; fileRef = 19BDC6EC251BDF4800BC1258 /* Assets.xcassets */; };
		19BDC6F0251BDF4800BC1258 /* LaunchScreen.storyboard in Resources */ = {isa = PBXBuildFile; fileRef = 19BDC6EE251BDF4800BC1258 /* LaunchScreen.storyboard */; };
		19BDC6FB251BDF4800BC1258 /* timerprojectTests.swift in Sources */ = {isa = PBXBuildFile; fileRef = 19BDC6FA251BDF4800BC1258 /* timerprojectTests.swift */; };
		19BDC706251BDF4900BC1258 /* timerprojectUITests.swift in Sources */ = {isa = PBXBuildFile; fileRef = 19BDC705251BDF4900BC1258 /* timerprojectUITests.swift */; };
/* End PBXBuildFile section */

/* Begin PBXContainerItemProxy section */
		19BDC6F7251BDF4800BC1258 /* PBXContainerItemProxy */ = {
			isa = PBXContainerItemProxy;
			containerPortal = 19BDC6D8251BDF4700BC1258 /* Project object */;
			proxyType = 1;
			remoteGlobalIDString = 19BDC6DF251BDF4700BC1258;
			remoteInfo = timerproject;
		};
		19BDC702251BDF4800BC1258 /* PBXContainerItemProxy */ = {
			isa = PBXContainerItemProxy;
			containerPortal = 19BDC6D8251BDF4700BC1258 /* Project object */;
			proxyType = 1;
			remoteGlobalIDString = 19BDC6DF251BDF4700BC1258;
			remoteInfo = timerproject;
		};
/* End PBXContainerItemProxy section */

/* Begin PBXFileReference section */
		19BDC6E0251BDF4700BC1258 /* timerproject.app */ = {isa = PBXFileReference; explicitFileType = wrapper.application; includeInIndex = 0; path = timerproject.app; sourceTree = BUILT_PRODUCTS_DIR; };
		19BDC6E3251BDF4700BC1258 /* AppDelegate.swift */ = {isa = PBXFileReference; lastKnownFileType = sourcecode.swift; path = AppDelegate.swift; sourceTree = "<group>"; };
		19BDC6E5251BDF4700BC1258 /* SceneDelegate.swift */ = {isa = PBXFileReference; lastKnownFileType = sourcecode.swift; path = SceneDelegate.swift; sourceTree = "<group>"; };
		19BDC6E7251BDF4700BC1258 /* ViewController.swift */ = {isa = PBXFileReference; lastKnownFileType = sourcecode.swift; path = ViewController.swift; sourceTree = "<group>"; };
		19BDC6EA251BDF4700BC1258 /* Base */ = {isa = PBXFileReference; lastKnownFileType = file.storyboard; name = Base; path = Base.lproj/Main.storyboard; sourceTree = "<group>"; };
		19BDC6EC251BDF4800BC1258 /* Assets.xcassets */ = {isa = PBXFileReference; lastKnownFileType = folder.assetcatalog; path = Assets.xcassets; sourceTree = "<group>"; };
		19BDC6EF251BDF4800BC1258 /* Base */ = {isa = PBXFileReference; lastKnownFileType = file.storyboard; name = Base; path = Base.lproj/LaunchScreen.storyboard; sourceTree = "<group>"; };
		19BDC6F1251BDF4800BC1258 /* Info.plist */ = {isa = PBXFileReference; lastKnownFileType = text.plist.xml; path = Info.plist; sourceTree = "<group>"; };
		19BDC6F6251BDF4800BC1258 /* timerprojectTests.xctest */ = {isa = PBXFileReference; explicitFileType = wrapper.cfbundle; includeInIndex = 0; path = timerprojectTests.xctest; sourceTree = BUILT_PRODUCTS_DIR; };
		19BDC6FA251BDF4800BC1258 /* timerprojectTests.swift */ = {isa = PBXFileReference; lastKnownFileType = sourcecode.swift; path = timerprojectTests.swift; sourceTree = "<group>"; };
		19BDC6FC251BDF4800BC1258 /* Info.plist */ = {isa = PBXFileReference; lastKnownFileType = text.plist.xml; path = Info.plist; sourceTree = "<group>"; };
		19BDC701251BDF4800BC1258 /* timerprojectUITests.xctest */ = {isa = PBXFileReference; explicitFileType = wrapper.cfbundle; includeInIndex = 0; path = timerprojectUITests.xctest; sourceTree = BUILT_PRODUCTS_DIR; };
		19BDC705251BDF4900BC1258 /* timerprojectUITests.swift */ = {isa = PBXFileReference; lastKnownFileType = sourcecode.swift; path = timerprojectUITests.swift; sourceTree = "<group>"; };
		19BDC707251BDF4900BC1258 /* Info.plist */ = {isa = PBXFileReference; lastKnownFileType = text.plist.xml; path = Info.plist; sourceTree = "<group>"; };
/* End PBXFileReference section */

/* Begin PBXFrameworksBuildPhase section */
		19BDC6DD251BDF4700BC1258 /* Frameworks */ = {
			isa = PBXFrameworksBuildPhase;
			buildActionMask = 2147483647;
			files = (
			);
			runOnlyForDeploymentPostprocessing = 0;
		};
		19BDC6F3251BDF4800BC1258 /* Frameworks */ = {
			isa = PBXFrameworksBuildPhase;
			buildActionMask = 2147483647;
			files = (
			);
			runOnlyForDeploymentPostprocessing = 0;
		};
		19BDC6FE251BDF4800BC1258 /* Frameworks */ = {
			isa = PBXFrameworksBuildPhase;
			buildActionMask = 2147483647;
			files = (
			);
			runOnlyForDeploymentPostprocessing = 0;
		};
/* End PBXFrameworksBuildPhase section */

/* Begin PBXGroup section */
		19BDC6D7251BDF4700BC1258 = {
			isa = PBXGroup;
			children = (
				19BDC6E2251BDF4700BC1258 /* timerproject */,
				19BDC6F9251BDF4800BC1258 /* timerprojectTests */,
				19BDC704251BDF4900BC1258 /* timerprojectUITests */,
				19BDC6E1251BDF4700BC1258 /* Products */,
			);
			sourceTree = "<group>";
		};
		19BDC6E1251BDF4700BC1258 /* Products */ = {
			isa = PBXGroup;
			children = (
				19BDC6E0251BDF4700BC1258 /* timerproject.app */,
				19BDC6F6251BDF4800BC1258 /* timerprojectTests.xctest */,
				19BDC701251BDF4800BC1258 /* timerprojectUITests.xctest */,
			);
			name = Products;
			sourceTree = "<group>";
		};
		19BDC6E2251BDF4700BC1258 /* timerproject */ = {
			isa = PBXGroup;
			children = (
				19BDC6E3251BDF4700BC1258 /* AppDelegate.swift */,
				19BDC6E5251BDF4700BC1258 /* SceneDelegate.swift */,
				19BDC6E7251BDF4700BC1258 /* ViewController.swift */,
				19BDC6E9251BDF4700BC1258 /* Main.storyboard */,
				19BDC6EC251BDF4800BC1258 /* Assets.xcassets */,
				19BDC6EE251BDF4800BC1258 /* LaunchScreen.storyboard */,
				19BDC6F1251BDF4800BC1258 /* Info.plist */,
			);
			path = timerproject;
			sourceTree = "<group>";
		};
		19BDC6F9251BDF4800BC1258 /* timerprojectTests */ = {
			isa = PBXGroup;
			children = (
				19BDC6FA251BDF4800BC1258 /* timerprojectTests.swift */,
				19BDC6FC251BDF4800BC1258 /* Info.plist */,
			);
			path = timerprojectTests;
			sourceTree = "<group>";
		};
		19BDC704251BDF4900BC1258 /* timerprojectUITests */ = {
			isa = PBXGroup;
			children = (
				19BDC705251BDF4900BC1258 /* timerprojectUITests.swift */,
				19BDC707251BDF4900BC1258 /* Info.plist */,
			);
			path = timerprojectUITests;
			sourceTree = "<group>";
		};
/* End PBXGroup section */

/* Begin PBXNativeTarget section */
		19BDC6DF251BDF4700BC1258 /* timerproject */ = {
			isa = PBXNativeTarget;
			buildConfigurationList = 19BDC70A251BDF4900BC1258 /* Build configuration list for PBXNativeTarget "timerproject" */;
			buildPhases = (
				19BDC6DC251BDF4700BC1258 /* Sources */,
				19BDC6DD251BDF4700BC1258 /* Frameworks */,
				19BDC6DE251BDF4700BC1258 /* Resources */,
			);
			buildRules = (
			);
			dependencies = (
			);
			name = timerproject;
			productName = timerproject;
			productReference = 19BDC6E0251BDF4700BC1258 /* timerproject.app */;
			productType = "com.apple.product-type.application";
		};
		19BDC6F5251BDF4800BC1258 /* timerprojectTests */ = {
			isa = PBXNativeTarget;
			buildConfigurationList = 19BDC70D251BDF4900BC1258 /* Build configuration list for PBXNativeTarget "timerprojectTests" */;
			buildPhases = (
				19BDC6F2251BDF4800BC1258 /* Sources */,
				19BDC6F3251BDF4800BC1258 /* Frameworks */,
				19BDC6F4251BDF4800BC1258 /* Resources */,
			);
			buildRules = (
			);
			dependencies = (
				19BDC6F8251BDF4800BC1258 /* PBXTargetDependency */,
			);
			name = timerprojectTests;
			productName = timerprojectTests;
			productReference = 19BDC6F6251BDF4800BC1258 /* timerprojectTests.xctest */;
			productType = "com.apple.product-type.bundle.unit-test";
		};
		19BDC700251BDF4800BC1258 /* timerprojectUITests */ = {
			isa = PBXNativeTarget;
			buildConfigurationList = 19BDC710251BDF4900BC1258 /* Build configuration list for PBXNativeTarget "timerprojectUITests" */;
			buildPhases = (
				19BDC6FD251BDF4800BC1258 /* Sources */,
				19BDC6FE251BDF4800BC1258 /* Frameworks */,
				19BDC6FF251BDF4800BC1258 /* Resources */,
			);
			buildRules = (
			);
			dependencies = (
				19BDC703251BDF4800BC1258 /* PBXTargetDependency */,
			);
			name = timerprojectUITests;
			productName = timerprojectUITests;
			productReference = 19BDC701251BDF4800BC1258 /* timerprojectUITests.xctest */;
			productType = "com.apple.product-type.bundle.ui-testing";
		};
/* End PBXNativeTarget section */

/* Begin PBXProject section */
		19BDC6D8251BDF4700BC1258 /* Project object */ = {
			isa = PBXProject;
			attributes = {
				LastSwiftUpdateCheck = 1130;
				LastUpgradeCheck = 1130;
				ORGANIZATIONNAME = "erdem öden";
				TargetAttributes = {
					19BDC6DF251BDF4700BC1258 = {
						CreatedOnToolsVersion = 11.3.1;
					};
					19BDC6F5251BDF4800BC1258 = {
						CreatedOnToolsVersion = 11.3.1;
						TestTargetID = 19BDC6DF251BDF4700BC1258;
					};
					19BDC700251BDF4800BC1258 = {
						CreatedOnToolsVersion = 11.3.1;
						TestTargetID = 19BDC6DF251BDF4700BC1258;
					};
				};
			};
			buildConfigurationList = 19BDC6DB251BDF4700BC1258 /* Build configuration list for PBXProject "timerproject" */;
			compatibilityVersion = "Xcode 9.3";
			developmentRegion = en;
			hasScannedForEncodings = 0;
			knownRegions = (
				en,
				Base,
			);
			mainGroup = 19BDC6D7251BDF4700BC1258;
			productRefGroup = 19BDC6E1251BDF4700BC1258 /* Products */;
			projectDirPath = "";
			projectRoot = "";
			targets = (
				19BDC6DF251BDF4700BC1258 /* timerproject */,
				19BDC6F5251BDF4800BC1258 /* timerprojectTests */,
				19BDC700251BDF4800BC1258 /* timerprojectUITests */,
			);
		};
/* End PBXProject section */

/* Begin PBXResourcesBuildPhase section */
		19BDC6DE251BDF4700BC1258 /* Resources */ = {
			isa = PBXResourcesBuildPhase;
			buildActionMask = 2147483647;
			files = (
				19BDC6F0251BDF4800BC1258 /* LaunchScreen.storyboard in Resources */,
				19BDC6ED251BDF4800BC1258 /* Assets.xcassets in Resources */,
				19BDC6EB251BDF4700BC1258 /* Main.storyboard in Resources */,
			);
			runOnlyForDeploymentPostprocessing = 0;
		};
		19BDC6F4251BDF4800BC1258 /* Resources */ = {
			isa = PBXResourcesBuildPhase;
			buildActionMask = 2147483647;
			files = (
			);
			runOnlyForDeploymentPostprocessing = 0;
		};
		19BDC6FF251BDF4800BC1258 /* Resources */ = {
			isa = PBXResourcesBuildPhase;
			buildActionMask = 2147483647;
			files = (
			);
			runOnlyForDeploymentPostprocessing = 0;
		};
/* End PBXResourcesBuildPhase section */

/* Begin PBXSourcesBuildPhase section */
		19BDC6DC251BDF4700BC1258 /* Sources */ = {
			isa = PBXSourcesBuildPhase;
			buildActionMask = 2147483647;
			files = (
				19BDC6E8251BDF4700BC1258 /* ViewController.swift in Sources */,
				19BDC6E4251BDF4700BC1258 /* AppDelegate.swift in Sources */,
				19BDC6E6251BDF4700BC1258 /* SceneDelegate.swift in Sources */,
			);
			runOnlyForDeploymentPostprocessing = 0;
		};
		19BDC6F2251BDF4800BC1258 /* Sources */ = {
			isa = PBXSourcesBuildPhase;
			buildActionMask = 2147483647;
			files = (
				19BDC6FB251BDF4800BC1258 /* timerprojectTests.swift in Sources */,
			);
			runOnlyForDeploymentPostprocessing = 0;
		};
		19BDC6FD251BDF4800BC1258 /* Sources */ = {
			isa = PBXSourcesBuildPhase;
			buildActionMask = 2147483647;
			files = (
				19BDC706251BDF4900BC1258 /* timerprojectUITests.swift in Sources */,
			);
			runOnlyForDeploymentPostprocessing = 0;
		};
/* End PBXSourcesBuildPhase section */

/* Begin PBXTargetDependency section */
		19BDC6F8251BDF4800BC1258 /* PBXTargetDependency */ = {
			isa = PBXTargetDependency;
			target = 19BDC6DF251BDF4700BC1258 /* timerproject */;
			targetProxy = 19BDC6F7251BDF4800BC1258 /* PBXContainerItemProxy */;
		};
		19BDC703251BDF4800BC1258 /* PBXTargetDependency */ = {
			isa = PBXTargetDependency;
			target = 19BDC6DF251BDF4700BC1258 /* timerproject */;
			targetProxy = 19BDC702251BDF4800BC1258 /* PBXContainerItemProxy */;
		};
/* End PBXTargetDependency section */

/* Begin PBXVariantGroup section */
		19BDC6E9251BDF4700BC1258 /* Main.storyboard */ = {
			isa = PBXVariantGroup;
			children = (
				19BDC6EA251BDF4700BC1258 /* Base */,
			);
			name = Main.storyboard;
			sourceTree = "<group>";
		};
		19BDC6EE251BDF4800BC1258 /* LaunchScreen.storyboard */ = {
			isa = PBXVariantGroup;
			children = (
				19BDC6EF251BDF4800BC1258 /* Base */,
			);
			name = LaunchScreen.storyboard;
			sourceTree = "<group>";
		};
/* End PBXVariantGroup section */

/* Begin XCBuildConfiguration section */
		19BDC708251BDF4900BC1258 /* Debug */ = {
			isa = XCBuildConfiguration;
			buildSettings = {
				ALWAYS_SEARCH_USER_PATHS = NO;
				CLANG_ANALYZER_NONNULL = YES;
				CLANG_ANALYZER_NUMBER_OBJECT_CONVERSION = YES_AGGRESSIVE;
				CLANG_CXX_LANGUAGE_STANDARD = "gnu++14";
				CLANG_CXX_LIBRARY = "libc++";
				CLANG_ENABLE_MODULES = YES;
				CLANG_ENABLE_OBJC_ARC = YES;
				CLANG_ENABLE_OBJC_WEAK = YES;
				CLANG_WARN_BLOCK_CAPTURE_AUTORELEASING = YES;
				CLANG_WARN_BOOL_CONVERSION = YES;
				CLANG_WARN_COMMA = YES;
				CLANG_WARN_CONSTANT_CONVERSION = YES;
				CLANG_WARN_DEPRECATED_OBJC_IMPLEMENTATIONS = YES;
				CLANG_WARN_DIRECT_OBJC_ISA_USAGE = YES_ERROR;
				CLANG_WARN_DOCUMENTATION_COMMENTS = YES;
				CLANG_WARN_EMPTY_BODY = YES;
				CLANG_WARN_ENUM_CONVERSION = YES;
				CLANG_WARN_INFINITE_RECURSION = YES;
				CLANG_WARN_INT_CONVERSION = YES;
				CLANG_WARN_NON_LITERAL_NULL_CONVERSION = YES;
				CLANG_WARN_OBJC_IMPLICIT_RETAIN_SELF = YES;
				CLANG_WARN_OBJC_LITERAL_CONVERSION = YES;
				CLANG_WARN_OBJC_ROOT_CLASS = YES_ERROR;
				CLANG_WARN_RANGE_LOOP_ANALYSIS = YES;
				CLANG_WARN_STRICT_PROTOTYPES = YES;
				CLANG_WARN_SUSPICIOUS_MOVE = YES;
				CLANG_WARN_UNGUARDED_AVAILABILITY = YES_AGGRESSIVE;
				CLANG_WARN_UNREACHABLE_CODE = YES;
				CLANG_WARN__DUPLICATE_METHOD_MATCH = YES;
				COPY_PHASE_STRIP = NO;
				DEBUG_INFORMATION_FORMAT = dwarf;
				ENABLE_STRICT_OBJC_MSGSEND = YES;
				ENABLE_TESTABILITY = YES;
				GCC_C_LANGUAGE_STANDARD = gnu11;
				GCC_DYNAMIC_NO_PIC = NO;
				GCC_NO_COMMON_BLOCKS = YES;
				GCC_OPTIMIZATION_LEVEL = 0;
				GCC_PREPROCESSOR_DEFINITIONS = (
					"DEBUG=1",
					"$(inherited)",
				);
				GCC_WARN_64_TO_32_BIT_CONVERSION = YES;
				GCC_WARN_ABOUT_RETURN_TYPE = YES_ERROR;
				GCC_WARN_UNDECLARED_SELECTOR = YES;
				GCC_WARN_UNINITIALIZED_AUTOS = YES_AGGRESSIVE;
				GCC_WARN_UNUSED_FUNCTION = YES;
				GCC_WARN_UNUSED_VARIABLE = YES;
				IPHONEOS_DEPLOYMENT_TARGET = 13.2;
				MTL_ENABLE_DEBUG_INFO = INCLUDE_SOURCE;
				MTL_FAST_MATH = YES;
				ONLY_ACTIVE_ARCH = YES;
				SDKROOT = iphoneos;
				SWIFT_ACTIVE_COMPILATION_CONDITIONS = DEBUG;
				SWIFT_OPTIMIZATION_LEVEL = "-Onone";
			};
			name = Debug;
		};
		19BDC709251BDF4900BC1258 /* Release */ = {
			isa = XCBuildConfiguration;
			buildSettings = {
				ALWAYS_SEARCH_USER_PATHS = NO;
				CLANG_ANALYZER_NONNULL = YES;
				CLANG_ANALYZER_NUMBER_OBJECT_CONVERSION = YES_AGGRESSIVE;
				CLANG_CXX_LANGUAGE_STANDARD = "gnu++14";
				CLANG_CXX_LIBRARY = "libc++";
				CLANG_ENABLE_MODULES = YES;
				CLANG_ENABLE_OBJC_ARC = YES;
				CLANG_ENABLE_OBJC_WEAK = YES;
				CLANG_WARN_BLOCK_CAPTURE_AUTORELEASING = YES;
				CLANG_WARN_BOOL_CONVERSION = YES;
				CLANG_WARN_COMMA = YES;
				CLANG_WARN_CONSTANT_CONVERSION = YES;
				CLANG_WARN_DEPRECATED_OBJC_IMPLEMENTATIONS = YES;
				CLANG_WARN_DIRECT_OBJC_ISA_USAGE = YES_ERROR;
				CLANG_WARN_DOCUMENTATION_COMMENTS = YES;
				CLANG_WARN_EMPTY_BODY = YES;
				CLANG_WARN_ENUM_CONVERSION = YES;
				CLANG_WARN_INFINITE_RECURSION = YES;
				CLANG_WARN_INT_CONVERSION = YES;
				CLANG_WARN_NON_LITERAL_NULL_CONVERSION = YES;
				CLANG_WARN_OBJC_IMPLICIT_RETAIN_SELF = YES;
				CLANG_WARN_OBJC_LITERAL_CONVERSION = YES;
				CLANG_WARN_OBJC_ROOT_CLASS = YES_ERROR;
				CLANG_WARN_RANGE_LOOP_ANALYSIS = YES;
				CLANG_WARN_STRICT_PROTOTYPES = YES;
				CLANG_WARN_SUSPICIOUS_MOVE = YES;
				CLANG_WARN_UNGUARDED_AVAILABILITY = YES_AGGRESSIVE;
				CLANG_WARN_UNREACHABLE_CODE = YES;
				CLANG_WARN__DUPLICATE_METHOD_MATCH = YES;
				COPY_PHASE_STRIP = NO;
				DEBUG_INFORMATION_FORMAT = "dwarf-with-dsym";
				ENABLE_NS_ASSERTIONS = NO;
				ENABLE_STRICT_OBJC_MSGSEND = YES;
				GCC_C_LANGUAGE_STANDARD = gnu11;
				GCC_NO_COMMON_BLOCKS = YES;
				GCC_WARN_64_TO_32_BIT_CONVERSION = YES;
				GCC_WARN_ABOUT_RETURN_TYPE = YES_ERROR;
				GCC_WARN_UNDECLARED_SELECTOR = YES;
				GCC_WARN_UNINITIALIZED_AUTOS = YES_AGGRESSIVE;
				GCC_WARN_UNUSED_FUNCTION = YES;
				GCC_WARN_UNUSED_VARIABLE = YES;
				IPHONEOS_DEPLOYMENT_TARGET = 13.2;
				MTL_ENABLE_DEBUG_INFO = NO;
				MTL_FAST_MATH = YES;
				SDKROOT = iphoneos;
				SWIFT_COMPILATION_MODE = wholemodule;
				SWIFT_OPTIMIZATION_LEVEL = "-O";
				VALIDATE_PRODUCT = YES;
			};
			name = Release;
		};
		19BDC70B251BDF4900BC1258 /* Debug */ = {
			isa = XCBuildConfiguration;
			buildSettings = {
				ASSETCATALOG_COMPILER_APPICON_NAME = AppIcon;
				CODE_SIGN_STYLE = Automatic;
				DEVELOPMENT_TEAM = 5XH8ZCD8UH;
				INFOPLIST_FILE = timerproject/Info.plist;
				LD_RUNPATH_SEARCH_PATHS = (
					"$(inherited)",
					"@executable_path/Frameworks",
				);
				PRODUCT_BUNDLE_IDENTIFIER = erdem.timerproject;
				PRODUCT_NAME = "$(TARGET_NAME)";
				SWIFT_VERSION = 5.0;
				TARGETED_DEVICE_FAMILY = "1,2";
			};
			name = Debug;
		};
		19BDC70C251BDF4900BC1258 /* Release */ = {
			isa = XCBuildConfiguration;
			buildSettings = {
				ASSETCATALOG_COMPILER_APPICON_NAME = AppIcon;
				CODE_SIGN_STYLE = Automatic;
				DEVELOPMENT_TEAM = 5XH8ZCD8UH;
				INFOPLIST_FILE = timerproject/Info.plist;
				LD_RUNPATH_SEARCH_PATHS = (
					"$(inherited)",
					"@executable_path/Frameworks",
				);
				PRODUCT_BUNDLE_IDENTIFIER = erdem.timerproject;
				PRODUCT_NAME = "$(TARGET_NAME)";
				SWIFT_VERSION = 5.0;
				TARGETED_DEVICE_FAMILY = "1,2";
			};
			name = Release;
		};
		19BDC70E251BDF4900BC1258 /* Debug */ = {
			isa = XCBuildConfiguration;
			buildSettings = {
				ALWAYS_EMBED_SWIFT_STANDARD_LIBRARIES = YES;
				BUNDLE_LOADER = "$(TEST_HOST)";
				CODE_SIGN_STYLE = Automatic;
				DEVELOPMENT_TEAM = 5XH8ZCD8UH;
				INFOPLIST_FILE = timerprojectTests/Info.plist;
				IPHONEOS_DEPLOYMENT_TARGET = 13.2;
				LD_RUNPATH_SEARCH_PATHS = (
					"$(inherited)",
					"@executable_path/Frameworks",
					"@loader_path/Frameworks",
				);
				PRODUCT_BUNDLE_IDENTIFIER = erdem.timerprojectTests;
				PRODUCT_NAME = "$(TARGET_NAME)";
				SWIFT_VERSION = 5.0;
				TARGETED_DEVICE_FAMILY = "1,2";
				TEST_HOST = "$(BUILT_PRODUCTS_DIR)/timerproject.app/timerproject";
			};
			name = Debug;
		};
		19BDC70F251BDF4900BC1258 /* Release */ = {
			isa = XCBuildConfiguration;
			buildSettings = {
				ALWAYS_EMBED_SWIFT_STANDARD_LIBRARIES = YES;
				BUNDLE_LOADER = "$(TEST_HOST)";
				CODE_SIGN_STYLE = Automatic;
				DEVELOPMENT_TEAM = 5XH8ZCD8UH;
				INFOPLIST_FILE = timerprojectTests/Info.plist;
				IPHONEOS_DEPLOYMENT_TARGET = 13.2;
				LD_RUNPATH_SEARCH_PATHS = (
					"$(inherited)",
					"@executable_path/Frameworks",
					"@loader_path/Frameworks",
				);
				PRODUCT_BUNDLE_IDENTIFIER = erdem.timerprojectTests;
				PRODUCT_NAME = "$(TARGET_NAME)";
				SWIFT_VERSION = 5.0;
				TARGETED_DEVICE_FAMILY = "1,2";
				TEST_HOST = "$(BUILT_PRODUCTS_DIR)/timerproject.app/timerproject";
			};
			name = Release;
		};
		19BDC711251BDF4900BC1258 /* Debug */ = {
			isa = XCBuildConfiguration;
			buildSettings = {
				ALWAYS_EMBED_SWIFT_STANDARD_LIBRARIES = YES;
				CODE_SIGN_STYLE = Automatic;
				DEVELOPMENT_TEAM = 5XH8ZCD8UH;
				INFOPLIST_FILE = timerprojectUITests/Info.plist;
				LD_RUNPATH_SEARCH_PATHS = (
					"$(inherited)",
					"@executable_path/Frameworks",
					"@loader_path/Frameworks",
				);
				PRODUCT_BUNDLE_IDENTIFIER = erdem.timerprojectUITests;
				PRODUCT_NAME = "$(TARGET_NAME)";
				SWIFT_VERSION = 5.0;
				TARGETED_DEVICE_FAMILY = "1,2";
				TEST_TARGET_NAME = timerproject;
			};
			name = Debug;
		};
		19BDC712251BDF4900BC1258 /* Release */ = {
			isa = XCBuildConfiguration;
			buildSettings = {
				ALWAYS_EMBED_SWIFT_STANDARD_LIBRARIES = YES;
				CODE_SIGN_STYLE = Automatic;
				DEVELOPMENT_TEAM = 5XH8ZCD8UH;
				INFOPLIST_FILE = timerprojectUITests/Info.plist;
				LD_RUNPATH_SEARCH_PATHS = (
					"$(inherited)",
					"@executable_path/Frameworks",
					"@loader_path/Frameworks",
				);
				PRODUCT_BUNDLE_IDENTIFIER = erdem.timerprojectUITests;
				PRODUCT_NAME = "$(TARGET_NAME)";
				SWIFT_VERSION = 5.0;
				TARGETED_DEVICE_FAMILY = "1,2";
				TEST_TARGET_NAME = timerproject;
			};
			name = Release;
		};
/* End XCBuildConfiguration section */

/* Begin XCConfigurationList section */
		19BDC6DB251BDF4700BC1258 /* Build configuration list for PBXProject "timerproject" */ = {
			isa = XCConfigurationList;
			buildConfigurations = (
				19BDC708251BDF4900BC1258 /* Debug */,
				19BDC709251BDF4900BC1258 /* Release */,
			);
			defaultConfigurationIsVisible = 0;
			defaultConfigurationName = Release;
		};
		19BDC70A251BDF4900BC1258 /* Build configuration list for PBXNativeTarget "timerproject" */ = {
			isa = XCConfigurationList;
			buildConfigurations = (
				19BDC70B251BDF4900BC1258 /* Debug */,
				19BDC70C251BDF4900BC1258 /* Release */,
			);
			defaultConfigurationIsVisible = 0;
			defaultConfigurationName = Release;
		};
		19BDC70D251BDF4900BC1258 /* Build configuration list for PBXNativeTarget "timerprojectTests" */ = {
			isa = XCConfigurationList;
			buildConfigurations = (
				19BDC70E251BDF4900BC1258 /* Debug */,
				19BDC70F251BDF4900BC1258 /* Release */,
			);
			defaultConfigurationIsVisible = 0;
			defaultConfigurationName = Release;
		};
		19BDC710251BDF4900BC1258 /* Build configuration list for PBXNativeTarget "timerprojectUITests" */ = {
			isa = XCConfigurationList;
			buildConfigurations = (
				19BDC711251BDF4900BC1258 /* Debug */,
				19BDC712251BDF4900BC1258 /* Release */,
			);
			defaultConfigurationIsVisible = 0;
			defaultConfigurationName = Release;
		};
/* End XCConfigurationList section */
	};
	rootObject = 19BDC6D8251BDF4700BC1258 /* Project object */;
}
